// !$*UTF8*$!
{
	archiveVersion = 1;
	classes = {
	};
	objectVersion = 56;
	objects = {

/* Begin PBXBuildFile section */
		E827580A295985510039FDEE /* Chip.swift in Sources */ = {isa = PBXBuildFile; fileRef = E8275809295985510039FDEE /* Chip.swift */; };
		E827580C29598D740039FDEE /* Card.swift in Sources */ = {isa = PBXBuildFile; fileRef = E827580B29598D740039FDEE /* Card.swift */; };
		E83F21B0295DA76D000E58F5 /* alpha.swift in Sources */ = {isa = PBXBuildFile; fileRef = E83F21AF295DA76D000E58F5 /* alpha.swift */; };
		E83F21B2295DB84F000E58F5 /* MEGmainview.swift in Sources */ = {isa = PBXBuildFile; fileRef = E83F21B1295DB84F000E58F5 /* MEGmainview.swift */; };
		E83F21B4295DB85F000E58F5 /* MEGplayview.swift in Sources */ = {isa = PBXBuildFile; fileRef = E83F21B3295DB85F000E58F5 /* MEGplayview.swift */; };
		E83F21B7295DC726000E58F5 /* SwiftUIX in Frameworks */ = {isa = PBXBuildFile; productRef = E83F21B6295DC726000E58F5 /* SwiftUIX */; };
		E84B93CD295FE589004F27AD /* Lottie in Frameworks */ = {isa = PBXBuildFile; productRef = E84B93CC295FE589004F27AD /* Lottie */; };
		E84B93D2296013BC004F27AD /* Aniki Hamster.json in Resources */ = {isa = PBXBuildFile; fileRef = E84B93CF296013BC004F27AD /* Aniki Hamster.json */; };
		E84B93D3296013BC004F27AD /* Lottie Lego.json in Resources */ = {isa = PBXBuildFile; fileRef = E84B93D0296013BC004F27AD /* Lottie Lego.json */; };
		E84B93D4296013BC004F27AD /* Polite Chicky.json in Resources */ = {isa = PBXBuildFile; fileRef = E84B93D1296013BC004F27AD /* Polite Chicky.json */; };
		E84B93D6296013DA004F27AD /* LottieView.swift in Sources */ = {isa = PBXBuildFile; fileRef = E84B93D5296013DA004F27AD /* LottieView.swift */; };
		E84B93D829601EE6004F27AD /* GridView.swift in Sources */ = {isa = PBXBuildFile; fileRef = E84B93D729601EE6004F27AD /* GridView.swift */; };
		E84B93DA29617102004F27AD /* ColorView.swift in Sources */ = {isa = PBXBuildFile; fileRef = E84B93D929617102004F27AD /* ColorView.swift */; };
		E84B93DC2962F45A004F27AD /* DateView.swift in Sources */ = {isa = PBXBuildFile; fileRef = E84B93DB2962F45A004F27AD /* DateView.swift */; };
		E84B93DE2962F7A4004F27AD /* HoverView.swift in Sources */ = {isa = PBXBuildFile; fileRef = E84B93DD2962F7A4004F27AD /* HoverView.swift */; };
		E84B93E029640909004F27AD /* BindView.swift in Sources */ = {isa = PBXBuildFile; fileRef = E84B93DF29640909004F27AD /* BindView.swift */; };
		E84B93E229640C8D004F27AD /* FullView.swift in Sources */ = {isa = PBXBuildFile; fileRef = E84B93E129640C8D004F27AD /* FullView.swift */; };
		E84B93E4296414BD004F27AD /* RedactView.swift in Sources */ = {isa = PBXBuildFile; fileRef = E84B93E3296414BD004F27AD /* RedactView.swift */; };
		E84B93E629641B5D004F27AD /* HScrollView.swift in Sources */ = {isa = PBXBuildFile; fileRef = E84B93E529641B5D004F27AD /* HScrollView.swift */; };
		E84B93E8296421ED004F27AD /* TabShiftView.swift in Sources */ = {isa = PBXBuildFile; fileRef = E84B93E7296421ED004F27AD /* TabShiftView.swift */; };
		E84B93EB296431C4004F27AD /* SDWebImageSwiftUI in Frameworks */ = {isa = PBXBuildFile; productRef = E84B93EA296431C4004F27AD /* SDWebImageSwiftUI */; };
		E84B93ED296433DF004F27AD /* URLImage.swift in Sources */ = {isa = PBXBuildFile; fileRef = E84B93EC296433DF004F27AD /* URLImage.swift */; };
		E85A279A2956B2BA00CC87F2 /* test0App.swift in Sources */ = {isa = PBXBuildFile; fileRef = E85A27992956B2BA00CC87F2 /* test0App.swift */; };
		E85A279C2956B2BA00CC87F2 /* ContentView.swift in Sources */ = {isa = PBXBuildFile; fileRef = E85A279B2956B2BA00CC87F2 /* ContentView.swift */; };
		E85A279E2956B2BB00CC87F2 /* Assets.xcassets in Resources */ = {isa = PBXBuildFile; fileRef = E85A279D2956B2BB00CC87F2 /* Assets.xcassets */; };
		E85A27A12956B2BB00CC87F2 /* Preview Assets.xcassets in Resources */ = {isa = PBXBuildFile; fileRef = E85A27A02956B2BB00CC87F2 /* Preview Assets.xcassets */; };
		E85A27A82956DCBC00CC87F2 /* Book.swift in Sources */ = {isa = PBXBuildFile; fileRef = E85A27A72956DCBC00CC87F2 /* Book.swift */; };
		E85A27AA2956DEBE00CC87F2 /* Home.swift in Sources */ = {isa = PBXBuildFile; fileRef = E85A27A92956DEBE00CC87F2 /* Home.swift */; };
/* End PBXBuildFile section */

/* Begin PBXFileReference section */
		E8275809295985510039FDEE /* Chip.swift */ = {isa = PBXFileReference; lastKnownFileType = sourcecode.swift; path = Chip.swift; sourceTree = "<group>"; };
		E827580B29598D740039FDEE /* Card.swift */ = {isa = PBXFileReference; lastKnownFileType = sourcecode.swift; path = Card.swift; sourceTree = "<group>"; };
		E83F21AF295DA76D000E58F5 /* alpha.swift */ = {isa = PBXFileReference; lastKnownFileType = sourcecode.swift; path = alpha.swift; sourceTree = "<group>"; };
		E83F21B1295DB84F000E58F5 /* MEGmainview.swift */ = {isa = PBXFileReference; lastKnownFileType = sourcecode.swift; path = MEGmainview.swift; sourceTree = "<group>"; };
		E83F21B3295DB85F000E58F5 /* MEGplayview.swift */ = {isa = PBXFileReference; lastKnownFileType = sourcecode.swift; path = MEGplayview.swift; sourceTree = "<group>"; };
		E84B93CF296013BC004F27AD /* Aniki Hamster.json */ = {isa = PBXFileReference; fileEncoding = 4; lastKnownFileType = text.json; path = "Aniki Hamster.json"; sourceTree = "<group>"; };
		E84B93D0296013BC004F27AD /* Lottie Lego.json */ = {isa = PBXFileReference; fileEncoding = 4; lastKnownFileType = text.json; path = "Lottie Lego.json"; sourceTree = "<group>"; };
		E84B93D1296013BC004F27AD /* Polite Chicky.json */ = {isa = PBXFileReference; fileEncoding = 4; lastKnownFileType = text.json; path = "Polite Chicky.json"; sourceTree = "<group>"; };
		E84B93D5296013DA004F27AD /* LottieView.swift */ = {isa = PBXFileReference; lastKnownFileType = sourcecode.swift; path = LottieView.swift; sourceTree = "<group>"; };
		E84B93D729601EE6004F27AD /* GridView.swift */ = {isa = PBXFileReference; lastKnownFileType = sourcecode.swift; path = GridView.swift; sourceTree = "<group>"; };
		E84B93D929617102004F27AD /* ColorView.swift */ = {isa = PBXFileReference; lastKnownFileType = sourcecode.swift; path = ColorView.swift; sourceTree = "<group>"; };
		E84B93DB2962F45A004F27AD /* DateView.swift */ = {isa = PBXFileReference; lastKnownFileType = sourcecode.swift; path = DateView.swift; sourceTree = "<group>"; };
		E84B93DD2962F7A4004F27AD /* HoverView.swift */ = {isa = PBXFileReference; lastKnownFileType = sourcecode.swift; path = HoverView.swift; sourceTree = "<group>"; };
		E84B93DF29640909004F27AD /* BindView.swift */ = {isa = PBXFileReference; lastKnownFileType = sourcecode.swift; path = BindView.swift; sourceTree = "<group>"; };
		E84B93E129640C8D004F27AD /* FullView.swift */ = {isa = PBXFileReference; lastKnownFileType = sourcecode.swift; path = FullView.swift; sourceTree = "<group>"; };
		E84B93E3296414BD004F27AD /* RedactView.swift */ = {isa = PBXFileReference; lastKnownFileType = sourcecode.swift; path = RedactView.swift; sourceTree = "<group>"; };
		E84B93E529641B5D004F27AD /* HScrollView.swift */ = {isa = PBXFileReference; lastKnownFileType = sourcecode.swift; path = HScrollView.swift; sourceTree = "<group>"; };
		E84B93E7296421ED004F27AD /* TabShiftView.swift */ = {isa = PBXFileReference; lastKnownFileType = sourcecode.swift; path = TabShiftView.swift; sourceTree = "<group>"; };
		E84B93EC296433DF004F27AD /* URLImage.swift */ = {isa = PBXFileReference; lastKnownFileType = sourcecode.swift; path = URLImage.swift; sourceTree = "<group>"; };
		E85A27962956B2BA00CC87F2 /* test0.app */ = {isa = PBXFileReference; explicitFileType = wrapper.application; includeInIndex = 0; path = test0.app; sourceTree = BUILT_PRODUCTS_DIR; };
		E85A27992956B2BA00CC87F2 /* test0App.swift */ = {isa = PBXFileReference; lastKnownFileType = sourcecode.swift; path = test0App.swift; sourceTree = "<group>"; };
		E85A279B2956B2BA00CC87F2 /* ContentView.swift */ = {isa = PBXFileReference; lastKnownFileType = sourcecode.swift; path = ContentView.swift; sourceTree = "<group>"; };
		E85A279D2956B2BB00CC87F2 /* Assets.xcassets */ = {isa = PBXFileReference; lastKnownFileType = folder.assetcatalog; path = Assets.xcassets; sourceTree = "<group>"; };
		E85A27A02956B2BB00CC87F2 /* Preview Assets.xcassets */ = {isa = PBXFileReference; lastKnownFileType = folder.assetcatalog; path = "Preview Assets.xcassets"; sourceTree = "<group>"; };
		E85A27A72956DCBC00CC87F2 /* Book.swift */ = {isa = PBXFileReference; lastKnownFileType = sourcecode.swift; path = Book.swift; sourceTree = "<group>"; };
		E85A27A92956DEBE00CC87F2 /* Home.swift */ = {isa = PBXFileReference; lastKnownFileType = sourcecode.swift; path = Home.swift; sourceTree = "<group>"; };
/* End PBXFileReference section */

/* Begin PBXFrameworksBuildPhase section */
		E85A27932956B2BA00CC87F2 /* Frameworks */ = {
			isa = PBXFrameworksBuildPhase;
			buildActionMask = 2147483647;
			files = (
				E84B93EB296431C4004F27AD /* SDWebImageSwiftUI in Frameworks */,
				E83F21B7295DC726000E58F5 /* SwiftUIX in Frameworks */,
				E84B93CD295FE589004F27AD /* Lottie in Frameworks */,
			);
			runOnlyForDeploymentPostprocessing = 0;
		};
/* End PBXFrameworksBuildPhase section */

/* Begin PBXGroup section */
		E84B93CE296013BC004F27AD /* Lottie */ = {
			isa = PBXGroup;
			children = (
				E84B93CF296013BC004F27AD /* Aniki Hamster.json */,
				E84B93D0296013BC004F27AD /* Lottie Lego.json */,
				E84B93D1296013BC004F27AD /* Polite Chicky.json */,
			);
			path = Lottie;
			sourceTree = "<group>";
		};
		E85A278D2956B2BA00CC87F2 = {
			isa = PBXGroup;
			children = (
				E84B93CE296013BC004F27AD /* Lottie */,
				E85A27982956B2BA00CC87F2 /* test0 */,
				E85A27972956B2BA00CC87F2 /* Products */,
			);
			sourceTree = "<group>";
		};
		E85A27972956B2BA00CC87F2 /* Products */ = {
			isa = PBXGroup;
			children = (
				E85A27962956B2BA00CC87F2 /* test0.app */,
			);
			name = Products;
			sourceTree = "<group>";
		};
		E85A27982956B2BA00CC87F2 /* test0 */ = {
			isa = PBXGroup;
			children = (
				E85A279F2956B2BB00CC87F2 /* Preview Content */,
				E85A27992956B2BA00CC87F2 /* test0App.swift */,
				E85A279B2956B2BA00CC87F2 /* ContentView.swift */,
				E85A27A72956DCBC00CC87F2 /* Book.swift */,
				E85A27A92956DEBE00CC87F2 /* Home.swift */,
				E8275809295985510039FDEE /* Chip.swift */,
				E827580B29598D740039FDEE /* Card.swift */,
				E83F21AF295DA76D000E58F5 /* alpha.swift */,
				E83F21B1295DB84F000E58F5 /* MEGmainview.swift */,
				E83F21B3295DB85F000E58F5 /* MEGplayview.swift */,
				E84B93D5296013DA004F27AD /* LottieView.swift */,
				E84B93D729601EE6004F27AD /* GridView.swift */,
				E84B93D929617102004F27AD /* ColorView.swift */,
				E84B93DB2962F45A004F27AD /* DateView.swift */,
				E84B93DD2962F7A4004F27AD /* HoverView.swift */,
				E84B93DF29640909004F27AD /* BindView.swift */,
				E84B93E129640C8D004F27AD /* FullView.swift */,
				E84B93E3296414BD004F27AD /* RedactView.swift */,
				E84B93E529641B5D004F27AD /* HScrollView.swift */,
				E84B93E7296421ED004F27AD /* TabShiftView.swift */,
				E84B93EC296433DF004F27AD /* URLImage.swift */,
			);
			path = test0;
			sourceTree = "<group>";
		};
		E85A279F2956B2BB00CC87F2 /* Preview Content */ = {
			isa = PBXGroup;
			children = (
				E85A279D2956B2BB00CC87F2 /* Assets.xcassets */,
				E85A27A02956B2BB00CC87F2 /* Preview Assets.xcassets */,
			);
			path = "Preview Content";
			sourceTree = "<group>";
		};
/* End PBXGroup section */

/* Begin PBXNativeTarget section */
		E85A27952956B2BA00CC87F2 /* test0 */ = {
			isa = PBXNativeTarget;
			buildConfigurationList = E85A27A42956B2BB00CC87F2 /* Build configuration list for PBXNativeTarget "test0" */;
			buildPhases = (
				E85A27922956B2BA00CC87F2 /* Sources */,
				E85A27932956B2BA00CC87F2 /* Frameworks */,
				E85A27942956B2BA00CC87F2 /* Resources */,
			);
			buildRules = (
			);
			dependencies = (
			);
			name = test0;
			packageProductDependencies = (
				E83F21B6295DC726000E58F5 /* SwiftUIX */,
				E84B93CC295FE589004F27AD /* Lottie */,
				E84B93EA296431C4004F27AD /* SDWebImageSwiftUI */,
			);
			productName = test0;
			productReference = E85A27962956B2BA00CC87F2 /* test0.app */;
			productType = "com.apple.product-type.application";
		};
/* End PBXNativeTarget section */

/* Begin PBXProject section */
		E85A278E2956B2BA00CC87F2 /* Project object */ = {
			isa = PBXProject;
			attributes = {
				BuildIndependentTargetsInParallel = 1;
				LastSwiftUpdateCheck = 1420;
				LastUpgradeCheck = 1420;
				TargetAttributes = {
					E85A27952956B2BA00CC87F2 = {
						CreatedOnToolsVersion = 14.2;
					};
				};
			};
			buildConfigurationList = E85A27912956B2BA00CC87F2 /* Build configuration list for PBXProject "test0" */;
			compatibilityVersion = "Xcode 14.0";
			developmentRegion = en;
			hasScannedForEncodings = 0;
			knownRegions = (
				en,
				Base,
			);
			mainGroup = E85A278D2956B2BA00CC87F2;
			packageReferences = (
				E83F21B5295DC726000E58F5 /* XCRemoteSwiftPackageReference "SwiftUIX" */,
				E84B93CB295FE589004F27AD /* XCRemoteSwiftPackageReference "lottie-ios" */,
				E84B93E9296431C4004F27AD /* XCRemoteSwiftPackageReference "SDWebImageSwiftUI" */,
			);
			productRefGroup = E85A27972956B2BA00CC87F2 /* Products */;
			projectDirPath = "";
			projectRoot = "";
			targets = (
				E85A27952956B2BA00CC87F2 /* test0 */,
			);
		};
/* End PBXProject section */

/* Begin PBXResourcesBuildPhase section */
		E85A27942956B2BA00CC87F2 /* Resources */ = {
			isa = PBXResourcesBuildPhase;
			buildActionMask = 2147483647;
			files = (
				E84B93D3296013BC004F27AD /* Lottie Lego.json in Resources */,
				E84B93D2296013BC004F27AD /* Aniki Hamster.json in Resources */,
				E84B93D4296013BC004F27AD /* Polite Chicky.json in Resources */,
				E85A27A12956B2BB00CC87F2 /* Preview Assets.xcassets in Resources */,
				E85A279E2956B2BB00CC87F2 /* Assets.xcassets in Resources */,
			);
			runOnlyForDeploymentPostprocessing = 0;
		};
/* End PBXResourcesBuildPhase section */

/* Begin PBXSourcesBuildPhase section */
		E85A27922956B2BA00CC87F2 /* Sources */ = {
			isa = PBXSourcesBuildPhase;
			buildActionMask = 2147483647;
			files = (
				E84B93DA29617102004F27AD /* ColorView.swift in Sources */,
				E84B93DC2962F45A004F27AD /* DateView.swift in Sources */,
				E83F21B4295DB85F000E58F5 /* MEGplayview.swift in Sources */,
				E84B93ED296433DF004F27AD /* URLImage.swift in Sources */,
				E84B93DE2962F7A4004F27AD /* HoverView.swift in Sources */,
				E83F21B0295DA76D000E58F5 /* alpha.swift in Sources */,
				E85A279C2956B2BA00CC87F2 /* ContentView.swift in Sources */,
				E84B93E029640909004F27AD /* BindView.swift in Sources */,
				E84B93E229640C8D004F27AD /* FullView.swift in Sources */,
				E84B93D829601EE6004F27AD /* GridView.swift in Sources */,
				E84B93E4296414BD004F27AD /* RedactView.swift in Sources */,
				E84B93E8296421ED004F27AD /* TabShiftView.swift in Sources */,
				E827580C29598D740039FDEE /* Card.swift in Sources */,
				E85A279A2956B2BA00CC87F2 /* test0App.swift in Sources */,
				E84B93E629641B5D004F27AD /* HScrollView.swift in Sources */,
				E827580A295985510039FDEE /* Chip.swift in Sources */,
				E83F21B2295DB84F000E58F5 /* MEGmainview.swift in Sources */,
				E84B93D6296013DA004F27AD /* LottieView.swift in Sources */,
				E85A27AA2956DEBE00CC87F2 /* Home.swift in Sources */,
				E85A27A82956DCBC00CC87F2 /* Book.swift in Sources */,
			);
			runOnlyForDeploymentPostprocessing = 0;
		};
/* End PBXSourcesBuildPhase section */

/* Begin XCBuildConfiguration section */
		E85A27A22956B2BB00CC87F2 /* Debug */ = {
			isa = XCBuildConfiguration;
			buildSettings = {
				ALWAYS_SEARCH_USER_PATHS = NO;
				CLANG_ANALYZER_NONNULL = YES;
				CLANG_ANALYZER_NUMBER_OBJECT_CONVERSION = YES_AGGRESSIVE;
				CLANG_CXX_LANGUAGE_STANDARD = "gnu++20";
				CLANG_ENABLE_MODULES = YES;
				CLANG_ENABLE_OBJC_ARC = YES;
				CLANG_ENABLE_OBJC_WEAK = YES;
				CLANG_WARN_BLOCK_CAPTURE_AUTORELEASING = YES;
				CLANG_WARN_BOOL_CONVERSION = YES;
				CLANG_WARN_COMMA = YES;
				CLANG_WARN_CONSTANT_CONVERSION = YES;
				CLANG_WARN_DEPRECATED_OBJC_IMPLEMENTATIONS = YES;
				CLANG_WARN_DIRECT_OBJC_ISA_USAGE = YES_ERROR;
				CLANG_WARN_DOCUMENTATION_COMMENTS = YES;
				CLANG_WARN_EMPTY_BODY = YES;
				CLANG_WARN_ENUM_CONVERSION = YES;
				CLANG_WARN_INFINITE_RECURSION = YES;
				CLANG_WARN_INT_CONVERSION = YES;
				CLANG_WARN_NON_LITERAL_NULL_CONVERSION = YES;
				CLANG_WARN_OBJC_IMPLICIT_RETAIN_SELF = YES;
				CLANG_WARN_OBJC_LITERAL_CONVERSION = YES;
				CLANG_WARN_OBJC_ROOT_CLASS = YES_ERROR;
				CLANG_WARN_QUOTED_INCLUDE_IN_FRAMEWORK_HEADER = YES;
				CLANG_WARN_RANGE_LOOP_ANALYSIS = YES;
				CLANG_WARN_STRICT_PROTOTYPES = YES;
				CLANG_WARN_SUSPICIOUS_MOVE = YES;
				CLANG_WARN_UNGUARDED_AVAILABILITY = YES_AGGRESSIVE;
				CLANG_WARN_UNREACHABLE_CODE = YES;
				CLANG_WARN__DUPLICATE_METHOD_MATCH = YES;
				COPY_PHASE_STRIP = NO;
				DEBUG_INFORMATION_FORMAT = dwarf;
				ENABLE_STRICT_OBJC_MSGSEND = YES;
				ENABLE_TESTABILITY = YES;
				GCC_C_LANGUAGE_STANDARD = gnu11;
				GCC_DYNAMIC_NO_PIC = NO;
				GCC_NO_COMMON_BLOCKS = YES;
				GCC_OPTIMIZATION_LEVEL = 0;
				GCC_PREPROCESSOR_DEFINITIONS = (
					"DEBUG=1",
					"$(inherited)",
				);
				GCC_WARN_64_TO_32_BIT_CONVERSION = YES;
				GCC_WARN_ABOUT_RETURN_TYPE = YES_ERROR;
				GCC_WARN_UNDECLARED_SELECTOR = YES;
				GCC_WARN_UNINITIALIZED_AUTOS = YES_AGGRESSIVE;
				GCC_WARN_UNUSED_FUNCTION = YES;
				GCC_WARN_UNUSED_VARIABLE = YES;
				IPHONEOS_DEPLOYMENT_TARGET = 16.2;
				MTL_ENABLE_DEBUG_INFO = INCLUDE_SOURCE;
				MTL_FAST_MATH = YES;
				ONLY_ACTIVE_ARCH = YES;
				SDKROOT = iphoneos;
				SWIFT_ACTIVE_COMPILATION_CONDITIONS = DEBUG;
				SWIFT_OPTIMIZATION_LEVEL = "-Onone";
			};
			name = Debug;
		};
		E85A27A32956B2BB00CC87F2 /* Release */ = {
			isa = XCBuildConfiguration;
			buildSettings = {
				ALWAYS_SEARCH_USER_PATHS = NO;
				CLANG_ANALYZER_NONNULL = YES;
				CLANG_ANALYZER_NUMBER_OBJECT_CONVERSION = YES_AGGRESSIVE;
				CLANG_CXX_LANGUAGE_STANDARD = "gnu++20";
				CLANG_ENABLE_MODULES = YES;
				CLANG_ENABLE_OBJC_ARC = YES;
				CLANG_ENABLE_OBJC_WEAK = YES;
				CLANG_WARN_BLOCK_CAPTURE_AUTORELEASING = YES;
				CLANG_WARN_BOOL_CONVERSION = YES;
				CLANG_WARN_COMMA = YES;
				CLANG_WARN_CONSTANT_CONVERSION = YES;
				CLANG_WARN_DEPRECATED_OBJC_IMPLEMENTATIONS = YES;
				CLANG_WARN_DIRECT_OBJC_ISA_USAGE = YES_ERROR;
				CLANG_WARN_DOCUMENTATION_COMMENTS = YES;
				CLANG_WARN_EMPTY_BODY = YES;
				CLANG_WARN_ENUM_CONVERSION = YES;
				CLANG_WARN_INFINITE_RECURSION = YES;
				CLANG_WARN_INT_CONVERSION = YES;
				CLANG_WARN_NON_LITERAL_NULL_CONVERSION = YES;
				CLANG_WARN_OBJC_IMPLICIT_RETAIN_SELF = YES;
				CLANG_WARN_OBJC_LITERAL_CONVERSION = YES;
				CLANG_WARN_OBJC_ROOT_CLASS = YES_ERROR;
				CLANG_WARN_QUOTED_INCLUDE_IN_FRAMEWORK_HEADER = YES;
				CLANG_WARN_RANGE_LOOP_ANALYSIS = YES;
				CLANG_WARN_STRICT_PROTOTYPES = YES;
				CLANG_WARN_SUSPICIOUS_MOVE = YES;
				CLANG_WARN_UNGUARDED_AVAILABILITY = YES_AGGRESSIVE;
				CLANG_WARN_UNREACHABLE_CODE = YES;
				CLANG_WARN__DUPLICATE_METHOD_MATCH = YES;
				COPY_PHASE_STRIP = NO;
				DEBUG_INFORMATION_FORMAT = "dwarf-with-dsym";
				ENABLE_NS_ASSERTIONS = NO;
				ENABLE_STRICT_OBJC_MSGSEND = YES;
				GCC_C_LANGUAGE_STANDARD = gnu11;
				GCC_NO_COMMON_BLOCKS = YES;
				GCC_WARN_64_TO_32_BIT_CONVERSION = YES;
				GCC_WARN_ABOUT_RETURN_TYPE = YES_ERROR;
				GCC_WARN_UNDECLARED_SELECTOR = YES;
				GCC_WARN_UNINITIALIZED_AUTOS = YES_AGGRESSIVE;
				GCC_WARN_UNUSED_FUNCTION = YES;
				GCC_WARN_UNUSED_VARIABLE = YES;
				IPHONEOS_DEPLOYMENT_TARGET = 16.2;
				MTL_ENABLE_DEBUG_INFO = NO;
				MTL_FAST_MATH = YES;
				SDKROOT = iphoneos;
				SWIFT_COMPILATION_MODE = wholemodule;
				SWIFT_OPTIMIZATION_LEVEL = "-O";
				VALIDATE_PRODUCT = YES;
			};
			name = Release;
		};
		E85A27A52956B2BB00CC87F2 /* Debug */ = {
			isa = XCBuildConfiguration;
			buildSettings = {
				ASSETCATALOG_COMPILER_APPICON_NAME = AppIcon;
				ASSETCATALOG_COMPILER_GLOBAL_ACCENT_COLOR_NAME = AccentColor;
				CODE_SIGN_STYLE = Automatic;
				CURRENT_PROJECT_VERSION = 1;
				DEVELOPMENT_ASSET_PATHS = "\"test0/Preview Content\"";
				ENABLE_PREVIEWS = YES;
				GENERATE_INFOPLIST_FILE = YES;
				INFOPLIST_KEY_UIApplicationSceneManifest_Generation = YES;
				INFOPLIST_KEY_UIApplicationSupportsIndirectInputEvents = YES;
				INFOPLIST_KEY_UILaunchScreen_Generation = YES;
				INFOPLIST_KEY_UISupportedInterfaceOrientations_iPad = "UIInterfaceOrientationPortrait UIInterfaceOrientationPortraitUpsideDown UIInterfaceOrientationLandscapeLeft UIInterfaceOrientationLandscapeRight";
				INFOPLIST_KEY_UISupportedInterfaceOrientations_iPhone = "UIInterfaceOrientationPortrait UIInterfaceOrientationLandscapeLeft UIInterfaceOrientationLandscapeRight";
				LD_RUNPATH_SEARCH_PATHS = (
					"$(inherited)",
					"@executable_path/Frameworks",
				);
				MARKETING_VERSION = 1.0;
				PRODUCT_BUNDLE_IDENTIFIER = d.test0;
				PRODUCT_NAME = "$(TARGET_NAME)";
				SWIFT_EMIT_LOC_STRINGS = YES;
				SWIFT_VERSION = 5.0;
				TARGETED_DEVICE_FAMILY = "1,2";
			};
			name = Debug;
		};
		E85A27A62956B2BB00CC87F2 /* Release */ = {
			isa = XCBuildConfiguration;
			buildSettings = {
				ASSETCATALOG_COMPILER_APPICON_NAME = AppIcon;
				ASSETCATALOG_COMPILER_GLOBAL_ACCENT_COLOR_NAME = AccentColor;
				CODE_SIGN_STYLE = Automatic;
				CURRENT_PROJECT_VERSION = 1;
				DEVELOPMENT_ASSET_PATHS = "\"test0/Preview Content\"";
				ENABLE_PREVIEWS = YES;
				GENERATE_INFOPLIST_FILE = YES;
				INFOPLIST_KEY_UIApplicationSceneManifest_Generation = YES;
				INFOPLIST_KEY_UIApplicationSupportsIndirectInputEvents = YES;
				INFOPLIST_KEY_UILaunchScreen_Generation = YES;
				INFOPLIST_KEY_UISupportedInterfaceOrientations_iPad = "UIInterfaceOrientationPortrait UIInterfaceOrientationPortraitUpsideDown UIInterfaceOrientationLandscapeLeft UIInterfaceOrientationLandscapeRight";
				INFOPLIST_KEY_UISupportedInterfaceOrientations_iPhone = "UIInterfaceOrientationPortrait UIInterfaceOrientationLandscapeLeft UIInterfaceOrientationLandscapeRight";
				LD_RUNPATH_SEARCH_PATHS = (
					"$(inherited)",
					"@executable_path/Frameworks",
				);
				MARKETING_VERSION = 1.0;
				PRODUCT_BUNDLE_IDENTIFIER = d.test0;
				PRODUCT_NAME = "$(TARGET_NAME)";
				SWIFT_EMIT_LOC_STRINGS = YES;
				SWIFT_VERSION = 5.0;
				TARGETED_DEVICE_FAMILY = "1,2";
			};
			name = Release;
		};
/* End XCBuildConfiguration section */

/* Begin XCConfigurationList section */
		E85A27912956B2BA00CC87F2 /* Build configuration list for PBXProject "test0" */ = {
			isa = XCConfigurationList;
			buildConfigurations = (
				E85A27A22956B2BB00CC87F2 /* Debug */,
				E85A27A32956B2BB00CC87F2 /* Release */,
			);
			defaultConfigurationIsVisible = 0;
			defaultConfigurationName = Release;
		};
		E85A27A42956B2BB00CC87F2 /* Build configuration list for PBXNativeTarget "test0" */ = {
			isa = XCConfigurationList;
			buildConfigurations = (
				E85A27A52956B2BB00CC87F2 /* Debug */,
				E85A27A62956B2BB00CC87F2 /* Release */,
			);
			defaultConfigurationIsVisible = 0;
			defaultConfigurationName = Release;
		};
/* End XCConfigurationList section */

/* Begin XCRemoteSwiftPackageReference section */
		E83F21B5295DC726000E58F5 /* XCRemoteSwiftPackageReference "SwiftUIX" */ = {
			isa = XCRemoteSwiftPackageReference;
			repositoryURL = "https://github.com/SwiftUIX/SwiftUIX.git";
			requirement = {
				kind = upToNextMajorVersion;
				minimumVersion = 0.1.3;
			};
		};
		E84B93CB295FE589004F27AD /* XCRemoteSwiftPackageReference "lottie-ios" */ = {
			isa = XCRemoteSwiftPackageReference;
			repositoryURL = "https://github.com/airbnb/lottie-ios";
			requirement = {
				kind = upToNextMajorVersion;
				minimumVersion = 4.0.0;
			};
		};
		E84B93E9296431C4004F27AD /* XCRemoteSwiftPackageReference "SDWebImageSwiftUI" */ = {
			isa = XCRemoteSwiftPackageReference;
			repositoryURL = "https://github.com/SDWebImage/SDWebImageSwiftUI";
			requirement = {
				kind = upToNextMajorVersion;
				minimumVersion = 2.0.0;
			};
		};
/* End XCRemoteSwiftPackageReference section */

/* Begin XCSwiftPackageProductDependency section */
		E83F21B6295DC726000E58F5 /* SwiftUIX */ = {
			isa = XCSwiftPackageProductDependency;
			package = E83F21B5295DC726000E58F5 /* XCRemoteSwiftPackageReference "SwiftUIX" */;
			productName = SwiftUIX;
		};
		E84B93CC295FE589004F27AD /* Lottie */ = {
			isa = XCSwiftPackageProductDependency;
			package = E84B93CB295FE589004F27AD /* XCRemoteSwiftPackageReference "lottie-ios" */;
			productName = Lottie;
		};
		E84B93EA296431C4004F27AD /* SDWebImageSwiftUI */ = {
			isa = XCSwiftPackageProductDependency;
			package = E84B93E9296431C4004F27AD /* XCRemoteSwiftPackageReference "SDWebImageSwiftUI" */;
			productName = SDWebImageSwiftUI;
		};
/* End XCSwiftPackageProductDependency section */
	};
	rootObject = E85A278E2956B2BA00CC87F2 /* Project object */;
}
